// !$*UTF8*$!
{
	archiveVersion = 1;
	classes = {
	};
	objectVersion = 48;
	objects = {

/* Begin PBXBuildFile section */
		171261932029110E008C3D87 /* PhotoDetailsViewController.swift in Sources */ = {isa = PBXBuildFile; fileRef = 171261922029110E008C3D87 /* PhotoDetailsViewController.swift */; };
		1798A6E22027F4C200435008 /* AppDelegate.swift in Sources */ = {isa = PBXBuildFile; fileRef = 1798A6E12027F4C200435008 /* AppDelegate.swift */; };
		1798A6E72027F4C200435008 /* Main.storyboard in Resources */ = {isa = PBXBuildFile; fileRef = 1798A6E52027F4C200435008 /* Main.storyboard */; };
		1798A6E92027F4C200435008 /* Assets.xcassets in Resources */ = {isa = PBXBuildFile; fileRef = 1798A6E82027F4C200435008 /* Assets.xcassets */; };
		1798A6EC2027F4C200435008 /* LaunchScreen.storyboard in Resources */ = {isa = PBXBuildFile; fileRef = 1798A6EA2027F4C200435008 /* LaunchScreen.storyboard */; };
		1798A6F72027F4C200435008 /* tumblrTests.swift in Sources */ = {isa = PBXBuildFile; fileRef = 1798A6F62027F4C200435008 /* tumblrTests.swift */; };
		1798A7022027F4C200435008 /* tumblrUITests.swift in Sources */ = {isa = PBXBuildFile; fileRef = 1798A7012027F4C200435008 /* tumblrUITests.swift */; };
		1798A7102027F5F800435008 /* PhotosViewController.swift in Sources */ = {isa = PBXBuildFile; fileRef = 1798A70F2027F5F800435008 /* PhotosViewController.swift */; };
		1798A7132027F91800435008 /* PhotoCell.swift in Sources */ = {isa = PBXBuildFile; fileRef = 1798A7122027F91800435008 /* PhotoCell.swift */; };
		17D70E40202BB827005081D2 /* README.md in Resources */ = {isa = PBXBuildFile; fileRef = 17D70E3F202BB827005081D2 /* README.md */; };
		6964A8E6296E89F2D96EFB03 /* Pods_tumblrTests.framework in Frameworks */ = {isa = PBXBuildFile; fileRef = 117F5E6C7D99D3C2ACF74765 /* Pods_tumblrTests.framework */; };
		B1326334445C0BD4C6CEFA97 /* Pods_tumblrUITests.framework in Frameworks */ = {isa = PBXBuildFile; fileRef = 87CC8AD8BC6F1C4D88D2A2C9 /* Pods_tumblrUITests.framework */; };
		FFAAC9D9B600A243D825564D /* Pods_tumblr.framework in Frameworks */ = {isa = PBXBuildFile; fileRef = 192755E0CB5695A4935DCBB7 /* Pods_tumblr.framework */; };
/* End PBXBuildFile section */

/* Begin PBXContainerItemProxy section */
		1798A6F32027F4C200435008 /* PBXContainerItemProxy */ = {
			isa = PBXContainerItemProxy;
			containerPortal = 1798A6D62027F4C200435008 /* Project object */;
			proxyType = 1;
			remoteGlobalIDString = 1798A6DD2027F4C200435008;
			remoteInfo = tumblr;
		};
		1798A6FE2027F4C200435008 /* PBXContainerItemProxy */ = {
			isa = PBXContainerItemProxy;
			containerPortal = 1798A6D62027F4C200435008 /* Project object */;
			proxyType = 1;
			remoteGlobalIDString = 1798A6DD2027F4C200435008;
			remoteInfo = tumblr;
		};
/* End PBXContainerItemProxy section */

/* Begin PBXFileReference section */
		0D97CB2272F57992096198FE /* Pods-tumblrUITests.release.xcconfig */ = {isa = PBXFileReference; includeInIndex = 1; lastKnownFileType = text.xcconfig; name = "Pods-tumblrUITests.release.xcconfig"; path = "Pods/Target Support Files/Pods-tumblrUITests/Pods-tumblrUITests.release.xcconfig"; sourceTree = "<group>"; };
		117F5E6C7D99D3C2ACF74765 /* Pods_tumblrTests.framework */ = {isa = PBXFileReference; explicitFileType = wrapper.framework; includeInIndex = 0; path = Pods_tumblrTests.framework; sourceTree = BUILT_PRODUCTS_DIR; };
		171261922029110E008C3D87 /* PhotoDetailsViewController.swift */ = {isa = PBXFileReference; lastKnownFileType = sourcecode.swift; path = PhotoDetailsViewController.swift; sourceTree = "<group>"; wrapsLines = 0; };
		1798A6DE2027F4C200435008 /* tumblr.app */ = {isa = PBXFileReference; explicitFileType = wrapper.application; includeInIndex = 0; path = tumblr.app; sourceTree = BUILT_PRODUCTS_DIR; };
		1798A6E12027F4C200435008 /* AppDelegate.swift */ = {isa = PBXFileReference; lastKnownFileType = sourcecode.swift; path = AppDelegate.swift; sourceTree = "<group>"; };
		1798A6E62027F4C200435008 /* Base */ = {isa = PBXFileReference; lastKnownFileType = file.storyboard; name = Base; path = Base.lproj/Main.storyboard; sourceTree = "<group>"; };
		1798A6E82027F4C200435008 /* Assets.xcassets */ = {isa = PBXFileReference; lastKnownFileType = folder.assetcatalog; path = Assets.xcassets; sourceTree = "<group>"; };
		1798A6EB2027F4C200435008 /* Base */ = {isa = PBXFileReference; lastKnownFileType = file.storyboard; name = Base; path = Base.lproj/LaunchScreen.storyboard; sourceTree = "<group>"; };
		1798A6ED2027F4C200435008 /* Info.plist */ = {isa = PBXFileReference; lastKnownFileType = text.plist.xml; path = Info.plist; sourceTree = "<group>"; };
		1798A6F22027F4C200435008 /* tumblrTests.xctest */ = {isa = PBXFileReference; explicitFileType = wrapper.cfbundle; includeInIndex = 0; path = tumblrTests.xctest; sourceTree = BUILT_PRODUCTS_DIR; };
		1798A6F62027F4C200435008 /* tumblrTests.swift */ = {isa = PBXFileReference; lastKnownFileType = sourcecode.swift; path = tumblrTests.swift; sourceTree = "<group>"; };
		1798A6F82027F4C200435008 /* Info.plist */ = {isa = PBXFileReference; lastKnownFileType = text.plist.xml; path = Info.plist; sourceTree = "<group>"; };
		1798A6FD2027F4C200435008 /* tumblrUITests.xctest */ = {isa = PBXFileReference; explicitFileType = wrapper.cfbundle; includeInIndex = 0; path = tumblrUITests.xctest; sourceTree = BUILT_PRODUCTS_DIR; };
		1798A7012027F4C200435008 /* tumblrUITests.swift */ = {isa = PBXFileReference; lastKnownFileType = sourcecode.swift; path = tumblrUITests.swift; sourceTree = "<group>"; };
		1798A7032027F4C200435008 /* Info.plist */ = {isa = PBXFileReference; lastKnownFileType = text.plist.xml; path = Info.plist; sourceTree = "<group>"; };
		1798A70F2027F5F800435008 /* PhotosViewController.swift */ = {isa = PBXFileReference; lastKnownFileType = sourcecode.swift; path = PhotosViewController.swift; sourceTree = "<group>"; };
		1798A7122027F91800435008 /* PhotoCell.swift */ = {isa = PBXFileReference; lastKnownFileType = sourcecode.swift; path = PhotoCell.swift; sourceTree = "<group>"; };
		17D70E3F202BB827005081D2 /* README.md */ = {isa = PBXFileReference; lastKnownFileType = net.daringfireball.markdown; path = README.md; sourceTree = "<group>"; };
		192755E0CB5695A4935DCBB7 /* Pods_tumblr.framework */ = {isa = PBXFileReference; explicitFileType = wrapper.framework; includeInIndex = 0; path = Pods_tumblr.framework; sourceTree = BUILT_PRODUCTS_DIR; };
		1E2585804969F9EA59071A95 /* Pods-tumblr.debug.xcconfig */ = {isa = PBXFileReference; includeInIndex = 1; lastKnownFileType = text.xcconfig; name = "Pods-tumblr.debug.xcconfig"; path = "Pods/Target Support Files/Pods-tumblr/Pods-tumblr.debug.xcconfig"; sourceTree = "<group>"; };
		6A77340F052D2EE11A1C48A0 /* Pods-tumblrTests.debug.xcconfig */ = {isa = PBXFileReference; includeInIndex = 1; lastKnownFileType = text.xcconfig; name = "Pods-tumblrTests.debug.xcconfig"; path = "Pods/Target Support Files/Pods-tumblrTests/Pods-tumblrTests.debug.xcconfig"; sourceTree = "<group>"; };
		785A5DB52D93F657F0CCD63B /* Pods-tumblrTests.release.xcconfig */ = {isa = PBXFileReference; includeInIndex = 1; lastKnownFileType = text.xcconfig; name = "Pods-tumblrTests.release.xcconfig"; path = "Pods/Target Support Files/Pods-tumblrTests/Pods-tumblrTests.release.xcconfig"; sourceTree = "<group>"; };
		87CC8AD8BC6F1C4D88D2A2C9 /* Pods_tumblrUITests.framework */ = {isa = PBXFileReference; explicitFileType = wrapper.framework; includeInIndex = 0; path = Pods_tumblrUITests.framework; sourceTree = BUILT_PRODUCTS_DIR; };
		8FEB887B6F152312BF2673A1 /* Pods-tumblr.release.xcconfig */ = {isa = PBXFileReference; includeInIndex = 1; lastKnownFileType = text.xcconfig; name = "Pods-tumblr.release.xcconfig"; path = "Pods/Target Support Files/Pods-tumblr/Pods-tumblr.release.xcconfig"; sourceTree = "<group>"; };
		C07A5E6F67E8BEFADE528D36 /* Pods-tumblrUITests.debug.xcconfig */ = {isa = PBXFileReference; includeInIndex = 1; lastKnownFileType = text.xcconfig; name = "Pods-tumblrUITests.debug.xcconfig"; path = "Pods/Target Support Files/Pods-tumblrUITests/Pods-tumblrUITests.debug.xcconfig"; sourceTree = "<group>"; };
/* End PBXFileReference section */

/* Begin PBXFrameworksBuildPhase section */
		1798A6DB2027F4C200435008 /* Frameworks */ = {
			isa = PBXFrameworksBuildPhase;
			buildActionMask = 2147483647;
			files = (
				FFAAC9D9B600A243D825564D /* Pods_tumblr.framework in Frameworks */,
			);
			runOnlyForDeploymentPostprocessing = 0;
		};
		1798A6EF2027F4C200435008 /* Frameworks */ = {
			isa = PBXFrameworksBuildPhase;
			buildActionMask = 2147483647;
			files = (
				6964A8E6296E89F2D96EFB03 /* Pods_tumblrTests.framework in Frameworks */,
			);
			runOnlyForDeploymentPostprocessing = 0;
		};
		1798A6FA2027F4C200435008 /* Frameworks */ = {
			isa = PBXFrameworksBuildPhase;
			buildActionMask = 2147483647;
			files = (
				B1326334445C0BD4C6CEFA97 /* Pods_tumblrUITests.framework in Frameworks */,
			);
			runOnlyForDeploymentPostprocessing = 0;
		};
/* End PBXFrameworksBuildPhase section */

/* Begin PBXGroup section */
		1798A6D52027F4C200435008 = {
			isa = PBXGroup;
			children = (
				17D70E3F202BB827005081D2 /* README.md */,
				1798A6E02027F4C200435008 /* tumblr */,
				1798A6F52027F4C200435008 /* tumblrTests */,
				1798A7002027F4C200435008 /* tumblrUITests */,
				1798A6DF2027F4C200435008 /* Products */,
				285F1DE10137E61800825BD9 /* Pods */,
				C99F1F85308B9DA813857D70 /* Frameworks */,
			);
			sourceTree = "<group>";
		};
		1798A6DF2027F4C200435008 /* Products */ = {
			isa = PBXGroup;
			children = (
				1798A6DE2027F4C200435008 /* tumblr.app */,
				1798A6F22027F4C200435008 /* tumblrTests.xctest */,
				1798A6FD2027F4C200435008 /* tumblrUITests.xctest */,
			);
			name = Products;
			sourceTree = "<group>";
		};
		1798A6E02027F4C200435008 /* tumblr */ = {
			isa = PBXGroup;
			children = (
				1798A7112027F61500435008 /* View Controllers */,
				1798A6E12027F4C200435008 /* AppDelegate.swift */,
				1798A6E52027F4C200435008 /* Main.storyboard */,
				1798A6E82027F4C200435008 /* Assets.xcassets */,
				1798A6EA2027F4C200435008 /* LaunchScreen.storyboard */,
				1798A6ED2027F4C200435008 /* Info.plist */,
			);
			path = tumblr;
			sourceTree = "<group>";
		};
		1798A6F52027F4C200435008 /* tumblrTests */ = {
			isa = PBXGroup;
			children = (
				1798A6F62027F4C200435008 /* tumblrTests.swift */,
				1798A6F82027F4C200435008 /* Info.plist */,
			);
			path = tumblrTests;
			sourceTree = "<group>";
		};
		1798A7002027F4C200435008 /* tumblrUITests */ = {
			isa = PBXGroup;
			children = (
				1798A7012027F4C200435008 /* tumblrUITests.swift */,
				1798A7032027F4C200435008 /* Info.plist */,
			);
			path = tumblrUITests;
			sourceTree = "<group>";
		};
		1798A7112027F61500435008 /* View Controllers */ = {
			isa = PBXGroup;
			children = (
				1798A70F2027F5F800435008 /* PhotosViewController.swift */,
				1798A7122027F91800435008 /* PhotoCell.swift */,
				171261922029110E008C3D87 /* PhotoDetailsViewController.swift */,
			);
			path = "View Controllers";
			sourceTree = "<group>";
		};
		285F1DE10137E61800825BD9 /* Pods */ = {
			isa = PBXGroup;
			children = (
				1E2585804969F9EA59071A95 /* Pods-tumblr.debug.xcconfig */,
				8FEB887B6F152312BF2673A1 /* Pods-tumblr.release.xcconfig */,
				6A77340F052D2EE11A1C48A0 /* Pods-tumblrTests.debug.xcconfig */,
				785A5DB52D93F657F0CCD63B /* Pods-tumblrTests.release.xcconfig */,
				C07A5E6F67E8BEFADE528D36 /* Pods-tumblrUITests.debug.xcconfig */,
				0D97CB2272F57992096198FE /* Pods-tumblrUITests.release.xcconfig */,
			);
			name = Pods;
			sourceTree = "<group>";
		};
		C99F1F85308B9DA813857D70 /* Frameworks */ = {
			isa = PBXGroup;
			children = (
				192755E0CB5695A4935DCBB7 /* Pods_tumblr.framework */,
				117F5E6C7D99D3C2ACF74765 /* Pods_tumblrTests.framework */,
				87CC8AD8BC6F1C4D88D2A2C9 /* Pods_tumblrUITests.framework */,
			);
			name = Frameworks;
			sourceTree = "<group>";
		};
/* End PBXGroup section */

/* Begin PBXNativeTarget section */
		1798A6DD2027F4C200435008 /* tumblr */ = {
			isa = PBXNativeTarget;
			buildConfigurationList = 1798A7062027F4C200435008 /* Build configuration list for PBXNativeTarget "tumblr" */;
			buildPhases = (
				8BDC0FE8E500F5A4A526C152 /* [CP] Check Pods Manifest.lock */,
				1798A6DA2027F4C200435008 /* Sources */,
				1798A6DB2027F4C200435008 /* Frameworks */,
				1798A6DC2027F4C200435008 /* Resources */,
				AB93DF1137D1BE023E1DA51A /* [CP] Embed Pods Frameworks */,
				9E248E60637F4B67F78CBD07 /* [CP] Copy Pods Resources */,
			);
			buildRules = (
			);
			dependencies = (
			);
			name = tumblr;
			productName = tumblr;
			productReference = 1798A6DE2027F4C200435008 /* tumblr.app */;
			productType = "com.apple.product-type.application";
		};
		1798A6F12027F4C200435008 /* tumblrTests */ = {
			isa = PBXNativeTarget;
			buildConfigurationList = 1798A7092027F4C200435008 /* Build configuration list for PBXNativeTarget "tumblrTests" */;
			buildPhases = (
				D19476599675CC1ED6F3E35B /* [CP] Check Pods Manifest.lock */,
				1798A6EE2027F4C200435008 /* Sources */,
				1798A6EF2027F4C200435008 /* Frameworks */,
				1798A6F02027F4C200435008 /* Resources */,
				77079C245C563007DB6E0B27 /* [CP] Embed Pods Frameworks */,
				AEB8C38813222CFD297A8008 /* [CP] Copy Pods Resources */,
			);
			buildRules = (
			);
			dependencies = (
				1798A6F42027F4C200435008 /* PBXTargetDependency */,
			);
			name = tumblrTests;
			productName = tumblrTests;
			productReference = 1798A6F22027F4C200435008 /* tumblrTests.xctest */;
			productType = "com.apple.product-type.bundle.unit-test";
		};
		1798A6FC2027F4C200435008 /* tumblrUITests */ = {
			isa = PBXNativeTarget;
			buildConfigurationList = 1798A70C2027F4C200435008 /* Build configuration list for PBXNativeTarget "tumblrUITests" */;
			buildPhases = (
				8DBD16AAC26CA084202935B1 /* [CP] Check Pods Manifest.lock */,
				1798A6F92027F4C200435008 /* Sources */,
				1798A6FA2027F4C200435008 /* Frameworks */,
				1798A6FB2027F4C200435008 /* Resources */,
				8DAED90B79EC0D7A49DB57A9 /* [CP] Embed Pods Frameworks */,
				2644491F77E264FCFE61417B /* [CP] Copy Pods Resources */,
			);
			buildRules = (
			);
			dependencies = (
				1798A6FF2027F4C200435008 /* PBXTargetDependency */,
			);
			name = tumblrUITests;
			productName = tumblrUITests;
			productReference = 1798A6FD2027F4C200435008 /* tumblrUITests.xctest */;
			productType = "com.apple.product-type.bundle.ui-testing";
		};
/* End PBXNativeTarget section */

/* Begin PBXProject section */
		1798A6D62027F4C200435008 /* Project object */ = {
			isa = PBXProject;
			attributes = {
				LastSwiftUpdateCheck = 0920;
				LastUpgradeCheck = 0920;
				ORGANIZATIONNAME = user132893;
				TargetAttributes = {
					1798A6DD2027F4C200435008 = {
						CreatedOnToolsVersion = 9.2;
						ProvisioningStyle = Automatic;
					};
					1798A6F12027F4C200435008 = {
						CreatedOnToolsVersion = 9.2;
						ProvisioningStyle = Automatic;
						TestTargetID = 1798A6DD2027F4C200435008;
					};
					1798A6FC2027F4C200435008 = {
						CreatedOnToolsVersion = 9.2;
						ProvisioningStyle = Automatic;
						TestTargetID = 1798A6DD2027F4C200435008;
					};
				};
			};
			buildConfigurationList = 1798A6D92027F4C200435008 /* Build configuration list for PBXProject "tumblr" */;
			compatibilityVersion = "Xcode 8.0";
			developmentRegion = en;
			hasScannedForEncodings = 0;
			knownRegions = (
				en,
				Base,
			);
			mainGroup = 1798A6D52027F4C200435008;
			productRefGroup = 1798A6DF2027F4C200435008 /* Products */;
			projectDirPath = "";
			projectRoot = "";
			targets = (
				1798A6DD2027F4C200435008 /* tumblr */,
				1798A6F12027F4C200435008 /* tumblrTests */,
				1798A6FC2027F4C200435008 /* tumblrUITests */,
			);
		};
/* End PBXProject section */

/* Begin PBXResourcesBuildPhase section */
		1798A6DC2027F4C200435008 /* Resources */ = {
			isa = PBXResourcesBuildPhase;
			buildActionMask = 2147483647;
			files = (
				1798A6EC2027F4C200435008 /* LaunchScreen.storyboard in Resources */,
				1798A6E92027F4C200435008 /* Assets.xcassets in Resources */,
				17D70E40202BB827005081D2 /* README.md in Resources */,
				1798A6E72027F4C200435008 /* Main.storyboard in Resources */,
			);
			runOnlyForDeploymentPostprocessing = 0;
		};
		1798A6F02027F4C200435008 /* Resources */ = {
			isa = PBXResourcesBuildPhase;
			buildActionMask = 2147483647;
			files = (
			);
			runOnlyForDeploymentPostprocessing = 0;
		};
		1798A6FB2027F4C200435008 /* Resources */ = {
			isa = PBXResourcesBuildPhase;
			buildActionMask = 2147483647;
			files = (
			);
			runOnlyForDeploymentPostprocessing = 0;
		};
/* End PBXResourcesBuildPhase section */

/* Begin PBXShellScriptBuildPhase section */
		2644491F77E264FCFE61417B /* [CP] Copy Pods Resources */ = {
			isa = PBXShellScriptBuildPhase;
			buildActionMask = 2147483647;
			files = (
			);
			inputPaths = (
			);
			name = "[CP] Copy Pods Resources";
			outputPaths = (
			);
			runOnlyForDeploymentPostprocessing = 0;
			shellPath = /bin/sh;
			shellScript = "\"${SRCROOT}/Pods/Target Support Files/Pods-tumblrUITests/Pods-tumblrUITests-resources.sh\"\n";
			showEnvVarsInLog = 0;
		};
		77079C245C563007DB6E0B27 /* [CP] Embed Pods Frameworks */ = {
			isa = PBXShellScriptBuildPhase;
			buildActionMask = 2147483647;
			files = (
			);
			inputPaths = (
			);
			name = "[CP] Embed Pods Frameworks";
			outputPaths = (
			);
			runOnlyForDeploymentPostprocessing = 0;
			shellPath = /bin/sh;
			shellScript = "\"${SRCROOT}/Pods/Target Support Files/Pods-tumblrTests/Pods-tumblrTests-frameworks.sh\"\n";
			showEnvVarsInLog = 0;
		};
		8BDC0FE8E500F5A4A526C152 /* [CP] Check Pods Manifest.lock */ = {
			isa = PBXShellScriptBuildPhase;
			buildActionMask = 2147483647;
			files = (
			);
			inputPaths = (
				"${PODS_PODFILE_DIR_PATH}/Podfile.lock",
				"${PODS_ROOT}/Manifest.lock",
			);
			name = "[CP] Check Pods Manifest.lock";
			outputPaths = (
				"$(DERIVED_FILE_DIR)/Pods-tumblr-checkManifestLockResult.txt",
			);
			runOnlyForDeploymentPostprocessing = 0;
			shellPath = /bin/sh;
			shellScript = "diff \"${PODS_PODFILE_DIR_PATH}/Podfile.lock\" \"${PODS_ROOT}/Manifest.lock\" > /dev/null\nif [ $? != 0 ] ; then\n    # print error to STDERR\n    echo \"error: The sandbox is not in sync with the Podfile.lock. Run 'pod install' or update your CocoaPods installation.\" >&2\n    exit 1\nfi\n# This output is used by Xcode 'outputs' to avoid re-running this script phase.\necho \"SUCCESS\" > \"${SCRIPT_OUTPUT_FILE_0}\"\n";
			showEnvVarsInLog = 0;
		};
		8DAED90B79EC0D7A49DB57A9 /* [CP] Embed Pods Frameworks */ = {
			isa = PBXShellScriptBuildPhase;
			buildActionMask = 2147483647;
			files = (
			);
			inputPaths = (
			);
			name = "[CP] Embed Pods Frameworks";
			outputPaths = (
			);
			runOnlyForDeploymentPostprocessing = 0;
			shellPath = /bin/sh;
			shellScript = "\"${SRCROOT}/Pods/Target Support Files/Pods-tumblrUITests/Pods-tumblrUITests-frameworks.sh\"\n";
			showEnvVarsInLog = 0;
		};
		8DBD16AAC26CA084202935B1 /* [CP] Check Pods Manifest.lock */ = {
			isa = PBXShellScriptBuildPhase;
			buildActionMask = 2147483647;
			files = (
			);
			inputPaths = (
				"${PODS_PODFILE_DIR_PATH}/Podfile.lock",
				"${PODS_ROOT}/Manifest.lock",
			);
			name = "[CP] Check Pods Manifest.lock";
			outputPaths = (
				"$(DERIVED_FILE_DIR)/Pods-tumblrUITests-checkManifestLockResult.txt",
			);
			runOnlyForDeploymentPostprocessing = 0;
			shellPath = /bin/sh;
			shellScript = "diff \"${PODS_PODFILE_DIR_PATH}/Podfile.lock\" \"${PODS_ROOT}/Manifest.lock\" > /dev/null\nif [ $? != 0 ] ; then\n    # print error to STDERR\n    echo \"error: The sandbox is not in sync with the Podfile.lock. Run 'pod install' or update your CocoaPods installation.\" >&2\n    exit 1\nfi\n# This output is used by Xcode 'outputs' to avoid re-running this script phase.\necho \"SUCCESS\" > \"${SCRIPT_OUTPUT_FILE_0}\"\n";
			showEnvVarsInLog = 0;
		};
		9E248E60637F4B67F78CBD07 /* [CP] Copy Pods Resources */ = {
			isa = PBXShellScriptBuildPhase;
			buildActionMask = 2147483647;
			files = (
			);
			inputPaths = (
			);
			name = "[CP] Copy Pods Resources";
			outputPaths = (
			);
			runOnlyForDeploymentPostprocessing = 0;
			shellPath = /bin/sh;
			shellScript = "\"${SRCROOT}/Pods/Target Support Files/Pods-tumblr/Pods-tumblr-resources.sh\"\n";
			showEnvVarsInLog = 0;
		};
		AB93DF1137D1BE023E1DA51A /* [CP] Embed Pods Frameworks */ = {
			isa = PBXShellScriptBuildPhase;
			buildActionMask = 2147483647;
			files = (
			);
			inputPaths = (
				"${SRCROOT}/Pods/Target Support Files/Pods-tumblr/Pods-tumblr-frameworks.sh",
				"${BUILT_PRODUCTS_DIR}/Alamofire/Alamofire.framework",
				"${BUILT_PRODUCTS_DIR}/AlamofireImage/AlamofireImage.framework",
			);
			name = "[CP] Embed Pods Frameworks";
			outputPaths = (
				"${TARGET_BUILD_DIR}/${FRAMEWORKS_FOLDER_PATH}/Alamofire.framework",
				"${TARGET_BUILD_DIR}/${FRAMEWORKS_FOLDER_PATH}/AlamofireImage.framework",
			);
			runOnlyForDeploymentPostprocessing = 0;
			shellPath = /bin/sh;
			shellScript = "\"${SRCROOT}/Pods/Target Support Files/Pods-tumblr/Pods-tumblr-frameworks.sh\"\n";
			showEnvVarsInLog = 0;
		};
		AEB8C38813222CFD297A8008 /* [CP] Copy Pods Resources */ = {
			isa = PBXShellScriptBuildPhase;
			buildActionMask = 2147483647;
			files = (
			);
			inputPaths = (
			);
			name = "[CP] Copy Pods Resources";
			outputPaths = (
			);
			runOnlyForDeploymentPostprocessing = 0;
			shellPath = /bin/sh;
			shellScript = "\"${SRCROOT}/Pods/Target Support Files/Pods-tumblrTests/Pods-tumblrTests-resources.sh\"\n";
			showEnvVarsInLog = 0;
		};
		D19476599675CC1ED6F3E35B /* [CP] Check Pods Manifest.lock */ = {
			isa = PBXShellScriptBuildPhase;
			buildActionMask = 2147483647;
			files = (
			);
			inputPaths = (
				"${PODS_PODFILE_DIR_PATH}/Podfile.lock",
				"${PODS_ROOT}/Manifest.lock",
			);
			name = "[CP] Check Pods Manifest.lock";
			outputPaths = (
				"$(DERIVED_FILE_DIR)/Pods-tumblrTests-checkManifestLockResult.txt",
			);
			runOnlyForDeploymentPostprocessing = 0;
			shellPath = /bin/sh;
			shellScript = "diff \"${PODS_PODFILE_DIR_PATH}/Podfile.lock\" \"${PODS_ROOT}/Manifest.lock\" > /dev/null\nif [ $? != 0 ] ; then\n    # print error to STDERR\n    echo \"error: The sandbox is not in sync with the Podfile.lock. Run 'pod install' or update your CocoaPods installation.\" >&2\n    exit 1\nfi\n# This output is used by Xcode 'outputs' to avoid re-running this script phase.\necho \"SUCCESS\" > \"${SCRIPT_OUTPUT_FILE_0}\"\n";
			showEnvVarsInLog = 0;
		};
/* End PBXShellScriptBuildPhase section */

/* Begin PBXSourcesBuildPhase section */
		1798A6DA2027F4C200435008 /* Sources */ = {
			isa = PBXSourcesBuildPhase;
			buildActionMask = 2147483647;
			files = (
				171261932029110E008C3D87 /* PhotoDetailsViewController.swift in Sources */,
				1798A6E22027F4C200435008 /* AppDelegate.swift in Sources */,
				1798A7132027F91800435008 /* PhotoCell.swift in Sources */,
				1798A7102027F5F800435008 /* PhotosViewController.swift in Sources */,
			);
			runOnlyForDeploymentPostprocessing = 0;
		};
		1798A6EE2027F4C200435008 /* Sources */ = {
			isa = PBXSourcesBuildPhase;
			buildActionMask = 2147483647;
			files = (
				1798A6F72027F4C200435008 /* tumblrTests.swift in Sources */,
			);
			runOnlyForDeploymentPostprocessing = 0;
		};
		1798A6F92027F4C200435008 /* Sources */ = {
			isa = PBXSourcesBuildPhase;
			buildActionMask = 2147483647;
			files = (
				1798A7022027F4C200435008 /* tumblrUITests.swift in Sources */,
			);
			runOnlyForDeploymentPostprocessing = 0;
		};
/* End PBXSourcesBuildPhase section */

/* Begin PBXTargetDependency section */
		1798A6F42027F4C200435008 /* PBXTargetDependency */ = {
			isa = PBXTargetDependency;
			target = 1798A6DD2027F4C200435008 /* tumblr */;
			targetProxy = 1798A6F32027F4C200435008 /* PBXContainerItemProxy */;
		};
		1798A6FF2027F4C200435008 /* PBXTargetDependency */ = {
			isa = PBXTargetDependency;
			target = 1798A6DD2027F4C200435008 /* tumblr */;
			targetProxy = 1798A6FE2027F4C200435008 /* PBXContainerItemProxy */;
		};
/* End PBXTargetDependency section */

/* Begin PBXVariantGroup section */
		1798A6E52027F4C200435008 /* Main.storyboard */ = {
			isa = PBXVariantGroup;
			children = (
				1798A6E62027F4C200435008 /* Base */,
			);
			name = Main.storyboard;
			sourceTree = "<group>";
		};
		1798A6EA2027F4C200435008 /* LaunchScreen.storyboard */ = {
			isa = PBXVariantGroup;
			children = (
				1798A6EB2027F4C200435008 /* Base */,
			);
			name = LaunchScreen.storyboard;
			sourceTree = "<group>";
		};
/* End PBXVariantGroup section */

/* Begin XCBuildConfiguration section */
		1798A7042027F4C200435008 /* Debug */ = {
			isa = XCBuildConfiguration;
			buildSettings = {
				ALWAYS_SEARCH_USER_PATHS = NO;
				CLANG_ANALYZER_NONNULL = YES;
				CLANG_ANALYZER_NUMBER_OBJECT_CONVERSION = YES_AGGRESSIVE;
				CLANG_CXX_LANGUAGE_STANDARD = "gnu++14";
				CLANG_CXX_LIBRARY = "libc++";
				CLANG_ENABLE_MODULES = YES;
				CLANG_ENABLE_OBJC_ARC = YES;
				CLANG_WARN_BLOCK_CAPTURE_AUTORELEASING = YES;
				CLANG_WARN_BOOL_CONVERSION = YES;
				CLANG_WARN_COMMA = YES;
				CLANG_WARN_CONSTANT_CONVERSION = YES;
				CLANG_WARN_DIRECT_OBJC_ISA_USAGE = YES_ERROR;
				CLANG_WARN_DOCUMENTATION_COMMENTS = YES;
				CLANG_WARN_EMPTY_BODY = YES;
				CLANG_WARN_ENUM_CONVERSION = YES;
				CLANG_WARN_INFINITE_RECURSION = YES;
				CLANG_WARN_INT_CONVERSION = YES;
				CLANG_WARN_NON_LITERAL_NULL_CONVERSION = YES;
				CLANG_WARN_OBJC_LITERAL_CONVERSION = YES;
				CLANG_WARN_OBJC_ROOT_CLASS = YES_ERROR;
				CLANG_WARN_RANGE_LOOP_ANALYSIS = YES;
				CLANG_WARN_STRICT_PROTOTYPES = YES;
				CLANG_WARN_SUSPICIOUS_MOVE = YES;
				CLANG_WARN_UNGUARDED_AVAILABILITY = YES_AGGRESSIVE;
				CLANG_WARN_UNREACHABLE_CODE = YES;
				CLANG_WARN__DUPLICATE_METHOD_MATCH = YES;
				CODE_SIGN_IDENTITY = "iPhone Developer";
				COPY_PHASE_STRIP = NO;
				DEBUG_INFORMATION_FORMAT = dwarf;
				ENABLE_STRICT_OBJC_MSGSEND = YES;
				ENABLE_TESTABILITY = YES;
				GCC_C_LANGUAGE_STANDARD = gnu11;
				GCC_DYNAMIC_NO_PIC = NO;
				GCC_NO_COMMON_BLOCKS = YES;
				GCC_OPTIMIZATION_LEVEL = 0;
				GCC_PREPROCESSOR_DEFINITIONS = (
					"DEBUG=1",
					"$(inherited)",
				);
				GCC_WARN_64_TO_32_BIT_CONVERSION = YES;
				GCC_WARN_ABOUT_RETURN_TYPE = YES_ERROR;
				GCC_WARN_UNDECLARED_SELECTOR = YES;
				GCC_WARN_UNINITIALIZED_AUTOS = YES_AGGRESSIVE;
				GCC_WARN_UNUSED_FUNCTION = YES;
				GCC_WARN_UNUSED_VARIABLE = YES;
				IPHONEOS_DEPLOYMENT_TARGET = 11.2;
				MTL_ENABLE_DEBUG_INFO = YES;
				ONLY_ACTIVE_ARCH = YES;
				SDKROOT = iphoneos;
				SWIFT_ACTIVE_COMPILATION_CONDITIONS = DEBUG;
				SWIFT_OPTIMIZATION_LEVEL = "-Onone";
			};
			name = Debug;
		};
		1798A7052027F4C200435008 /* Release */ = {
			isa = XCBuildConfiguration;
			buildSettings = {
				ALWAYS_SEARCH_USER_PATHS = NO;
				CLANG_ANALYZER_NONNULL = YES;
				CLANG_ANALYZER_NUMBER_OBJECT_CONVERSION = YES_AGGRESSIVE;
				CLANG_CXX_LANGUAGE_STANDARD = "gnu++14";
				CLANG_CXX_LIBRARY = "libc++";
				CLANG_ENABLE_MODULES = YES;
				CLANG_ENABLE_OBJC_ARC = YES;
				CLANG_WARN_BLOCK_CAPTURE_AUTORELEASING = YES;
				CLANG_WARN_BOOL_CONVERSION = YES;
				CLANG_WARN_COMMA = YES;
				CLANG_WARN_CONSTANT_CONVERSION = YES;
				CLANG_WARN_DIRECT_OBJC_ISA_USAGE = YES_ERROR;
				CLANG_WARN_DOCUMENTATION_COMMENTS = YES;
				CLANG_WARN_EMPTY_BODY = YES;
				CLANG_WARN_ENUM_CONVERSION = YES;
				CLANG_WARN_INFINITE_RECURSION = YES;
				CLANG_WARN_INT_CONVERSION = YES;
				CLANG_WARN_NON_LITERAL_NULL_CONVERSION = YES;
				CLANG_WARN_OBJC_LITERAL_CONVERSION = YES;
				CLANG_WARN_OBJC_ROOT_CLASS = YES_ERROR;
				CLANG_WARN_RANGE_LOOP_ANALYSIS = YES;
				CLANG_WARN_STRICT_PROTOTYPES = YES;
				CLANG_WARN_SUSPICIOUS_MOVE = YES;
				CLANG_WARN_UNGUARDED_AVAILABILITY = YES_AGGRESSIVE;
				CLANG_WARN_UNREACHABLE_CODE = YES;
				CLANG_WARN__DUPLICATE_METHOD_MATCH = YES;
				CODE_SIGN_IDENTITY = "iPhone Developer";
				COPY_PHASE_STRIP = NO;
				DEBUG_INFORMATION_FORMAT = "dwarf-with-dsym";
				ENABLE_NS_ASSERTIONS = NO;
				ENABLE_STRICT_OBJC_MSGSEND = YES;
				GCC_C_LANGUAGE_STANDARD = gnu11;
				GCC_NO_COMMON_BLOCKS = YES;
				GCC_WARN_64_TO_32_BIT_CONVERSION = YES;
				GCC_WARN_ABOUT_RETURN_TYPE = YES_ERROR;
				GCC_WARN_UNDECLARED_SELECTOR = YES;
				GCC_WARN_UNINITIALIZED_AUTOS = YES_AGGRESSIVE;
				GCC_WARN_UNUSED_FUNCTION = YES;
				GCC_WARN_UNUSED_VARIABLE = YES;
				IPHONEOS_DEPLOYMENT_TARGET = 11.2;
				MTL_ENABLE_DEBUG_INFO = NO;
				SDKROOT = iphoneos;
				SWIFT_OPTIMIZATION_LEVEL = "-Owholemodule";
				VALIDATE_PRODUCT = YES;
			};
			name = Release;
		};
		1798A7072027F4C200435008 /* Debug */ = {
			isa = XCBuildConfiguration;
			baseConfigurationReference = 1E2585804969F9EA59071A95 /* Pods-tumblr.debug.xcconfig */;
			buildSettings = {
				ASSETCATALOG_COMPILER_APPICON_NAME = AppIcon;
				CODE_SIGN_STYLE = Automatic;
				INFOPLIST_FILE = tumblr/Info.plist;
				LD_RUNPATH_SEARCH_PATHS = "$(inherited) @executable_path/Frameworks";
				PRODUCT_BUNDLE_IDENTIFIER = com.cst495.tumblr;
				PRODUCT_NAME = "$(TARGET_NAME)";
				SWIFT_VERSION = 4.0;
				TARGETED_DEVICE_FAMILY = "1,2";
			};
			name = Debug;
		};
		1798A7082027F4C200435008 /* Release */ = {
			isa = XCBuildConfiguration;
			baseConfigurationReference = 8FEB887B6F152312BF2673A1 /* Pods-tumblr.release.xcconfig */;
			buildSettings = {
				ASSETCATALOG_COMPILER_APPICON_NAME = AppIcon;
				CODE_SIGN_STYLE = Automatic;
				INFOPLIST_FILE = tumblr/Info.plist;
				LD_RUNPATH_SEARCH_PATHS = "$(inherited) @executable_path/Frameworks";
				PRODUCT_BUNDLE_IDENTIFIER = com.cst495.tumblr;
				PRODUCT_NAME = "$(TARGET_NAME)";
				SWIFT_VERSION = 4.0;
				TARGETED_DEVICE_FAMILY = "1,2";
			};
			name = Release;
		};
		1798A70A2027F4C200435008 /* Debug */ = {
			isa = XCBuildConfiguration;
			baseConfigurationReference = 6A77340F052D2EE11A1C48A0 /* Pods-tumblrTests.debug.xcconfig */;
			buildSettings = {
				ALWAYS_EMBED_SWIFT_STANDARD_LIBRARIES = YES;
				BUNDLE_LOADER = "$(TEST_HOST)";
				CODE_SIGN_STYLE = Automatic;
				INFOPLIST_FILE = tumblrTests/Info.plist;
				LD_RUNPATH_SEARCH_PATHS = "$(inherited) @executable_path/Frameworks @loader_path/Frameworks";
				PRODUCT_BUNDLE_IDENTIFIER = com.cst495.tumblrTests;
				PRODUCT_NAME = "$(TARGET_NAME)";
				SWIFT_VERSION = 4.0;
				TARGETED_DEVICE_FAMILY = "1,2";
				TEST_HOST = "$(BUILT_PRODUCTS_DIR)/tumblr.app/tumblr";
			};
			name = Debug;
		};
		1798A70B2027F4C200435008 /* Release */ = {
			isa = XCBuildConfiguration;
			baseConfigurationReference = 785A5DB52D93F657F0CCD63B /* Pods-tumblrTests.release.xcconfig */;
			buildSettings = {
				ALWAYS_EMBED_SWIFT_STANDARD_LIBRARIES = YES;
				BUNDLE_LOADER = "$(TEST_HOST)";
				CODE_SIGN_STYLE = Automatic;
				INFOPLIST_FILE = tumblrTests/Info.plist;
				LD_RUNPATH_SEARCH_PATHS = "$(inherited) @executable_path/Frameworks @loader_path/Frameworks";
				PRODUCT_BUNDLE_IDENTIFIER = com.cst495.tumblrTests;
				PRODUCT_NAME = "$(TARGET_NAME)";
				SWIFT_VERSION = 4.0;
				TARGETED_DEVICE_FAMILY = "1,2";
				TEST_HOST = "$(BUILT_PRODUCTS_DIR)/tumblr.app/tumblr";
			};
			name = Release;
		};
		1798A70D2027F4C200435008 /* Debug */ = {
			isa = XCBuildConfiguration;
			baseConfigurationReference = C07A5E6F67E8BEFADE528D36 /* Pods-tumblrUITests.debug.xcconfig */;
			buildSettings = {
				ALWAYS_EMBED_SWIFT_STANDARD_LIBRARIES = YES;
				CODE_SIGN_STYLE = Automatic;
				INFOPLIST_FILE = tumblrUITests/Info.plist;
				LD_RUNPATH_SEARCH_PATHS = "$(inherited) @executable_path/Frameworks @loader_path/Frameworks";
				PRODUCT_BUNDLE_IDENTIFIER = com.cst495.tumblrUITests;
				PRODUCT_NAME = "$(TARGET_NAME)";
				SWIFT_VERSION = 4.0;
				TARGETED_DEVICE_FAMILY = "1,2";
				TEST_TARGET_NAME = tumblr;
			};
			name = Debug;
		};
		1798A70E2027F4C200435008 /* Release */ = {
			isa = XCBuildConfiguration;
			baseConfigurationReference = 0D97CB2272F57992096198FE /* Pods-tumblrUITests.release.xcconfig */;
			buildSettings = {
				ALWAYS_EMBED_SWIFT_STANDARD_LIBRARIES = YES;
				CODE_SIGN_STYLE = Automatic;
				INFOPLIST_FILE = tumblrUITests/Info.plist;
				LD_RUNPATH_SEARCH_PATHS = "$(inherited) @executable_path/Frameworks @loader_path/Frameworks";
				PRODUCT_BUNDLE_IDENTIFIER = com.cst495.tumblrUITests;
				PRODUCT_NAME = "$(TARGET_NAME)";
				SWIFT_VERSION = 4.0;
				TARGETED_DEVICE_FAMILY = "1,2";
				TEST_TARGET_NAME = tumblr;
			};
			name = Release;
		};
/* End XCBuildConfiguration section */

/* Begin XCConfigurationList section */
		1798A6D92027F4C200435008 /* Build configuration list for PBXProject "tumblr" */ = {
			isa = XCConfigurationList;
			buildConfigurations = (
				1798A7042027F4C200435008 /* Debug */,
				1798A7052027F4C200435008 /* Release */,
			);
			defaultConfigurationIsVisible = 0;
			defaultConfigurationName = Release;
		};
		1798A7062027F4C200435008 /* Build configuration list for PBXNativeTarget "tumblr" */ = {
			isa = XCConfigurationList;
			buildConfigurations = (
				1798A7072027F4C200435008 /* Debug */,
				1798A7082027F4C200435008 /* Release */,
			);
			defaultConfigurationIsVisible = 0;
			defaultConfigurationName = Release;
		};
		1798A7092027F4C200435008 /* Build configuration list for PBXNativeTarget "tumblrTests" */ = {
			isa = XCConfigurationList;
			buildConfigurations = (
				1798A70A2027F4C200435008 /* Debug */,
				1798A70B2027F4C200435008 /* Release */,
			);
			defaultConfigurationIsVisible = 0;
			defaultConfigurationName = Release;
		};
		1798A70C2027F4C200435008 /* Build configuration list for PBXNativeTarget "tumblrUITests" */ = {
			isa = XCConfigurationList;
			buildConfigurations = (
				1798A70D2027F4C200435008 /* Debug */,
				1798A70E2027F4C200435008 /* Release */,
			);
			defaultConfigurationIsVisible = 0;
			defaultConfigurationName = Release;
		};
/* End XCConfigurationList section */
	};
	rootObject = 1798A6D62027F4C200435008 /* Project object */;
}
